
Microsoft Visual Studio Solution File, Format Version 12.00
# Visual Studio Version 16
VisualStudioVersion = 16.0.29728.190
MinimumVisualStudioVersion = 10.0.40219.1
Project("{FAE04EC0-301F-11D3-BF4B-00C04F79EFBC}") = "Linked List", "Linked List\Linked List.csproj", "{B1678F09-AD00-4EBD-B6DA-7B26C4BA9080}"
EndProject
Global
	GlobalSection(SolutionConfigurationPlatforms) = preSolution
		Debug|Any CPU = Debug|Any CPU
		Release|Any CPU = Release|Any CPU
	EndGlobalSection
	GlobalSection(ProjectConfigurationPlatforms) = postSolution
		{B1678F09-AD00-4EBD-B6DA-7B26C4BA9080}.Debug|Any CPU.ActiveCfg = Debug|Any CPU
		{B1678F09-AD00-4EBD-B6DA-7B26C4BA9080}.Debug|Any CPU.Build.0 = Debug|Any CPU
		{B1678F09-AD00-4EBD-B6DA-7B26C4BA9080}.Release|Any CPU.ActiveCfg = Release|Any CPU
		{B1678F09-AD00-4EBD-B6DA-7B26C4BA9080}.Release|Any CPU.Build.0 = Release|Any CPU
	EndGlobalSection
	GlobalSection(SolutionProperties) = preSolution
		HideSolutionNode = FALSE
	EndGlobalSection
	GlobalSection(ExtensibilityGlobals) = postSolution
		SolutionGuid = {6E4996E7-FF54-4FE1-891C-B90AAB2AC3BC}
	EndGlobalSection
EndGlobal
